
Microsoft Visual Studio Solution File, Format Version 12.00
# Visual Studio Version 16
VisualStudioVersion = 16.0.28803.202
MinimumVisualStudioVersion = 10.0.40219.1
Project("{FAE04EC0-301F-11D3-BF4B-00C04F79EFBC}") = "Rpsls", "rpsls\Rpsls.csproj", "{ABAC87D3-93EA-4548-BF23-6174414BE45A}"
EndProject
Global
	GlobalSection(SolutionConfigurationPlatforms) = preSolution
		Debug|Any CPU = Debug|Any CPU
		Release|Any CPU = Release|Any CPU
	EndGlobalSection
	GlobalSection(ProjectConfigurationPlatforms) = postSolution
		{ABAC87D3-93EA-4548-BF23-6174414BE45A}.Debug|Any CPU.ActiveCfg = Debug|Any CPU
		{ABAC87D3-93EA-4548-BF23-6174414BE45A}.Debug|Any CPU.Build.0 = Debug|Any CPU
		{ABAC87D3-93EA-4548-BF23-6174414BE45A}.Release|Any CPU.ActiveCfg = Release|Any CPU
		{ABAC87D3-93EA-4548-BF23-6174414BE45A}.Release|Any CPU.Build.0 = Release|Any CPU
	EndGlobalSection
	GlobalSection(SolutionProperties) = preSolution
		HideSolutionNode = FALSE
	EndGlobalSection
	GlobalSection(ExtensibilityGlobals) = postSolution
		SolutionGuid = {3113D8F2-C83C-4B84-99B2-F599FBC96D55}
	EndGlobalSection
EndGlobal
